{
  "name": "mesaflow",
  "version": "0.1.0",
  "lockfileVersion": 3,
  "requires": true,
  "packages": {
    "": {
      "name": "mesaflow",
      "version": "0.1.0",
      "workspaces": [
        "apps/admin",
        "apps/landing",
        "functions",
        "packages/*"
      ],
      "engines": {
        "node": ">=22 <25",
        "npm": ">=10 <12"
      }
    }
  }
}
